
Microsoft Visual Studio Solution File, Format Version 12.00
Project("{FAE04EC0-301F-11D3-BF4B-00C04F79EFBC}") = "Server", "Server\Server.csproj", "{604655EB-F2BD-4C8A-A686-FD60031077A5}"
EndProject
Project("{FAE04EC0-301F-11D3-BF4B-00C04F79EFBC}") = "Client", "Client\Client.csproj", "{5FDA2035-5FEF-4DB3-8995-1C67C874B966}"
EndProject
Project("{FAE04EC0-301F-11D3-BF4B-00C04F79EFBC}") = "MS_RD", "MS_RD\MS_RD.csproj", "{206E04EF-8EAA-4E08-9035-66ADFD7DDAC5}"
EndProject
Project("{FAE04EC0-301F-11D3-BF4B-00C04F79EFBC}") = "MS_Test", "MS_Test\MS_Test.csproj", "{94A43B22-78B6-4B7A-B014-1C3F8DAF1EE8}"
EndProject
Project("{FAE04EC0-301F-11D3-BF4B-00C04F79EFBC}") = "MS_Factory", "MS_Factory\MS_Factory.csproj", "{6369845F-9817-4B7E-86D3-B21414C475C9}"
EndProject
Project("{FAE04EC0-301F-11D3-BF4B-00C04F79EFBC}") = "MS_Lib", "MS_Lib\MS_Lib.csproj", "{9C034021-614F-403E-96A7-FE2F56634FFA}"
EndProject
Global
	GlobalSection(SolutionConfigurationPlatforms) = preSolution
		Debug|Any CPU = Debug|Any CPU
		Release|Any CPU = Release|Any CPU
	EndGlobalSection
	GlobalSection(ProjectConfigurationPlatforms) = postSolution
		{604655EB-F2BD-4C8A-A686-FD60031077A5}.Debug|Any CPU.ActiveCfg = Debug|Any CPU
		{604655EB-F2BD-4C8A-A686-FD60031077A5}.Debug|Any CPU.Build.0 = Debug|Any CPU
		{604655EB-F2BD-4C8A-A686-FD60031077A5}.Release|Any CPU.ActiveCfg = Release|Any CPU
		{604655EB-F2BD-4C8A-A686-FD60031077A5}.Release|Any CPU.Build.0 = Release|Any CPU
		{5FDA2035-5FEF-4DB3-8995-1C67C874B966}.Debug|Any CPU.ActiveCfg = Debug|Any CPU
		{5FDA2035-5FEF-4DB3-8995-1C67C874B966}.Debug|Any CPU.Build.0 = Debug|Any CPU
		{5FDA2035-5FEF-4DB3-8995-1C67C874B966}.Release|Any CPU.ActiveCfg = Release|Any CPU
		{5FDA2035-5FEF-4DB3-8995-1C67C874B966}.Release|Any CPU.Build.0 = Release|Any CPU
		{206E04EF-8EAA-4E08-9035-66ADFD7DDAC5}.Debug|Any CPU.ActiveCfg = Debug|Any CPU
		{206E04EF-8EAA-4E08-9035-66ADFD7DDAC5}.Debug|Any CPU.Build.0 = Debug|Any CPU
		{206E04EF-8EAA-4E08-9035-66ADFD7DDAC5}.Release|Any CPU.ActiveCfg = Release|Any CPU
		{206E04EF-8EAA-4E08-9035-66ADFD7DDAC5}.Release|Any CPU.Build.0 = Release|Any CPU
		{94A43B22-78B6-4B7A-B014-1C3F8DAF1EE8}.Debug|Any CPU.ActiveCfg = Debug|Any CPU
		{94A43B22-78B6-4B7A-B014-1C3F8DAF1EE8}.Debug|Any CPU.Build.0 = Debug|Any CPU
		{94A43B22-78B6-4B7A-B014-1C3F8DAF1EE8}.Release|Any CPU.ActiveCfg = Release|Any CPU
		{94A43B22-78B6-4B7A-B014-1C3F8DAF1EE8}.Release|Any CPU.Build.0 = Release|Any CPU
		{6369845F-9817-4B7E-86D3-B21414C475C9}.Debug|Any CPU.ActiveCfg = Debug|Any CPU
		{6369845F-9817-4B7E-86D3-B21414C475C9}.Debug|Any CPU.Build.0 = Debug|Any CPU
		{6369845F-9817-4B7E-86D3-B21414C475C9}.Release|Any CPU.ActiveCfg = Release|Any CPU
		{6369845F-9817-4B7E-86D3-B21414C475C9}.Release|Any CPU.Build.0 = Release|Any CPU
		{9C034021-614F-403E-96A7-FE2F56634FFA}.Debug|Any CPU.ActiveCfg = Debug|Any CPU
		{9C034021-614F-403E-96A7-FE2F56634FFA}.Debug|Any CPU.Build.0 = Debug|Any CPU
		{9C034021-614F-403E-96A7-FE2F56634FFA}.Release|Any CPU.ActiveCfg = Release|Any CPU
		{9C034021-614F-403E-96A7-FE2F56634FFA}.Release|Any CPU.Build.0 = Release|Any CPU
	EndGlobalSection
EndGlobal
